
Microsoft Visual Studio Solution File, Format Version 12.00
# Visual Studio Version 16
VisualStudioVersion = 16.0.30320.27
MinimumVisualStudioVersion = 10.0.40219.1
Project("{FAE04EC0-301F-11D3-BF4B-00C04F79EFBC}") = "CrudDemo", "CrudDemo\CrudDemo.csproj", "{CFAC6F7F-A86D-4443-AF3E-B3F2CDAEDD4E}"
EndProject
Global
	GlobalSection(SolutionConfigurationPlatforms) = preSolution
		Debug|Any CPU = Debug|Any CPU
		Release|Any CPU = Release|Any CPU
	EndGlobalSection
	GlobalSection(ProjectConfigurationPlatforms) = postSolution
		{CFAC6F7F-A86D-4443-AF3E-B3F2CDAEDD4E}.Debug|Any CPU.ActiveCfg = Debug|Any CPU
		{CFAC6F7F-A86D-4443-AF3E-B3F2CDAEDD4E}.Debug|Any CPU.Build.0 = Debug|Any CPU
		{CFAC6F7F-A86D-4443-AF3E-B3F2CDAEDD4E}.Release|Any CPU.ActiveCfg = Release|Any CPU
		{CFAC6F7F-A86D-4443-AF3E-B3F2CDAEDD4E}.Release|Any CPU.Build.0 = Release|Any CPU
	EndGlobalSection
	GlobalSection(SolutionProperties) = preSolution
		HideSolutionNode = FALSE
	EndGlobalSection
	GlobalSection(ExtensibilityGlobals) = postSolution
		SolutionGuid = {CFD8EC15-FA25-4CFA-977D-606B4FE678F8}
	EndGlobalSection
EndGlobal
